
Microsoft Visual Studio Solution File, Format Version 12.00
# Visual Studio Version 17
VisualStudioVersion = 17.14.37012.4 d17.14
MinimumVisualStudioVersion = 10.0.40219.1
Project("{FAE04EC0-301F-11D3-BF4B-00C04F79EFBC}") = "TODOAPI-Auth", "TODOAPI-Auth.csproj", "{D783C532-B1E2-4772-85FF-1DCEA0319D4A}"
EndProject
Global
	GlobalSection(SolutionConfigurationPlatforms) = preSolution
		Debug|Any CPU = Debug|Any CPU
		Release|Any CPU = Release|Any CPU
	EndGlobalSection
	GlobalSection(ProjectConfigurationPlatforms) = postSolution
		{D783C532-B1E2-4772-85FF-1DCEA0319D4A}.Debug|Any CPU.ActiveCfg = Debug|Any CPU
		{D783C532-B1E2-4772-85FF-1DCEA0319D4A}.Debug|Any CPU.Build.0 = Debug|Any CPU
		{D783C532-B1E2-4772-85FF-1DCEA0319D4A}.Release|Any CPU.ActiveCfg = Release|Any CPU
		{D783C532-B1E2-4772-85FF-1DCEA0319D4A}.Release|Any CPU.Build.0 = Release|Any CPU
	EndGlobalSection
	GlobalSection(SolutionProperties) = preSolution
		HideSolutionNode = FALSE
	EndGlobalSection
	GlobalSection(ExtensibilityGlobals) = postSolution
		SolutionGuid = {8867468E-E16E-458B-9151-ED6632FB177B}
	EndGlobalSection
EndGlobal
